// !$*UTF8*$!
{
	archiveVersion = 1;
	classes = {
	};
	objectVersion = 55;
	objects = {

/* Begin PBXBuildFile section */
		D8C21D4B270ED96800A23E97 /* AppDelegate.m in Sources */ = {isa = PBXBuildFile; fileRef = D8C21D4A270ED96800A23E97 /* AppDelegate.m */; };
		D8C21D4D270ED96900A23E97 /* Assets.xcassets in Resources */ = {isa = PBXBuildFile; fileRef = D8C21D4C270ED96900A23E97 /* Assets.xcassets */; };
		D8C21D50270ED96900A23E97 /* MainMenu.xib in Resources */ = {isa = PBXBuildFile; fileRef = D8C21D4E270ED96900A23E97 /* MainMenu.xib */; };
		D8C21D52270ED96900A23E97 /* main.m in Sources */ = {isa = PBXBuildFile; fileRef = D8C21D51270ED96900A23E97 /* main.m */; };
		D8C21D5D270ED96A00A23E97 /* ColorChangeTests.m in Sources */ = {isa = PBXBuildFile; fileRef = D8C21D5C270ED96A00A23E97 /* ColorChangeTests.m */; };
		D8C21D67270ED96A00A23E97 /* ColorChangeUITests.m in Sources */ = {isa = PBXBuildFile; fileRef = D8C21D66270ED96A00A23E97 /* ColorChangeUITests.m */; };
		D8C21D69270ED96A00A23E97 /* ColorChangeUITestsLaunchTests.m in Sources */ = {isa = PBXBuildFile; fileRef = D8C21D68270ED96A00A23E97 /* ColorChangeUITestsLaunchTests.m */; };
		D8C21D78270ED99800A23E97 /* Window_1.m in Sources */ = {isa = PBXBuildFile; fileRef = D8C21D76270ED99800A23E97 /* Window_1.m */; };
		D8C21D79270ED99800A23E97 /* Window_1.xib in Resources */ = {isa = PBXBuildFile; fileRef = D8C21D77270ED99800A23E97 /* Window_1.xib */; };
		D8C21D7D270ED9A100A23E97 /* Window_2.m in Sources */ = {isa = PBXBuildFile; fileRef = D8C21D7B270ED9A100A23E97 /* Window_2.m */; };
		D8C21D7E270ED9A100A23E97 /* Window_2.xib in Resources */ = {isa = PBXBuildFile; fileRef = D8C21D7C270ED9A100A23E97 /* Window_2.xib */; };
/* End PBXBuildFile section */

/* Begin PBXContainerItemProxy section */
		D8C21D59270ED96A00A23E97 /* PBXContainerItemProxy */ = {
			isa = PBXContainerItemProxy;
			containerPortal = D8C21D3E270ED96800A23E97 /* Project object */;
			proxyType = 1;
			remoteGlobalIDString = D8C21D45270ED96800A23E97;
			remoteInfo = ColorChange;
		};
		D8C21D63270ED96A00A23E97 /* PBXContainerItemProxy */ = {
			isa = PBXContainerItemProxy;
			containerPortal = D8C21D3E270ED96800A23E97 /* Project object */;
			proxyType = 1;
			remoteGlobalIDString = D8C21D45270ED96800A23E97;
			remoteInfo = ColorChange;
		};
/* End PBXContainerItemProxy section */

/* Begin PBXFileReference section */
		D8C21D46270ED96800A23E97 /* ColorChange.app */ = {isa = PBXFileReference; explicitFileType = wrapper.application; includeInIndex = 0; path = ColorChange.app; sourceTree = BUILT_PRODUCTS_DIR; };
		D8C21D49270ED96800A23E97 /* AppDelegate.h */ = {isa = PBXFileReference; lastKnownFileType = sourcecode.c.h; path = AppDelegate.h; sourceTree = "<group>"; };
		D8C21D4A270ED96800A23E97 /* AppDelegate.m */ = {isa = PBXFileReference; lastKnownFileType = sourcecode.c.objc; path = AppDelegate.m; sourceTree = "<group>"; };
		D8C21D4C270ED96900A23E97 /* Assets.xcassets */ = {isa = PBXFileReference; lastKnownFileType = folder.assetcatalog; path = Assets.xcassets; sourceTree = "<group>"; };
		D8C21D4F270ED96900A23E97 /* Base */ = {isa = PBXFileReference; lastKnownFileType = file.xib; name = Base; path = Base.lproj/MainMenu.xib; sourceTree = "<group>"; };
		D8C21D51270ED96900A23E97 /* main.m */ = {isa = PBXFileReference; lastKnownFileType = sourcecode.c.objc; path = main.m; sourceTree = "<group>"; };
		D8C21D53270ED96900A23E97 /* ColorChange.entitlements */ = {isa = PBXFileReference; lastKnownFileType = text.plist.entitlements; path = ColorChange.entitlements; sourceTree = "<group>"; };
		D8C21D58270ED96A00A23E97 /* ColorChangeTests.xctest */ = {isa = PBXFileReference; explicitFileType = wrapper.cfbundle; includeInIndex = 0; path = ColorChangeTests.xctest; sourceTree = BUILT_PRODUCTS_DIR; };
		D8C21D5C270ED96A00A23E97 /* ColorChangeTests.m */ = {isa = PBXFileReference; lastKnownFileType = sourcecode.c.objc; path = ColorChangeTests.m; sourceTree = "<group>"; };
		D8C21D62270ED96A00A23E97 /* ColorChangeUITests.xctest */ = {isa = PBXFileReference; explicitFileType = wrapper.cfbundle; includeInIndex = 0; path = ColorChangeUITests.xctest; sourceTree = BUILT_PRODUCTS_DIR; };
		D8C21D66270ED96A00A23E97 /* ColorChangeUITests.m */ = {isa = PBXFileReference; lastKnownFileType = sourcecode.c.objc; path = ColorChangeUITests.m; sourceTree = "<group>"; };
		D8C21D68270ED96A00A23E97 /* ColorChangeUITestsLaunchTests.m */ = {isa = PBXFileReference; lastKnownFileType = sourcecode.c.objc; path = ColorChangeUITestsLaunchTests.m; sourceTree = "<group>"; };
		D8C21D75270ED99800A23E97 /* Window_1.h */ = {isa = PBXFileReference; lastKnownFileType = sourcecode.c.h; path = Window_1.h; sourceTree = "<group>"; };
		D8C21D76270ED99800A23E97 /* Window_1.m */ = {isa = PBXFileReference; lastKnownFileType = sourcecode.c.objc; path = Window_1.m; sourceTree = "<group>"; };
		D8C21D77270ED99800A23E97 /* Window_1.xib */ = {isa = PBXFileReference; lastKnownFileType = file.xib; path = Window_1.xib; sourceTree = "<group>"; };
		D8C21D7A270ED9A100A23E97 /* Window_2.h */ = {isa = PBXFileReference; lastKnownFileType = sourcecode.c.h; path = Window_2.h; sourceTree = "<group>"; };
		D8C21D7B270ED9A100A23E97 /* Window_2.m */ = {isa = PBXFileReference; lastKnownFileType = sourcecode.c.objc; path = Window_2.m; sourceTree = "<group>"; };
		D8C21D7C270ED9A100A23E97 /* Window_2.xib */ = {isa = PBXFileReference; lastKnownFileType = file.xib; path = Window_2.xib; sourceTree = "<group>"; };
		D8C21D7F270EDA0C00A23E97 /* Delegate.h */ = {isa = PBXFileReference; lastKnownFileType = sourcecode.c.h; path = Delegate.h; sourceTree = "<group>"; };
/* End PBXFileReference section */

/* Begin PBXFrameworksBuildPhase section */
		D8C21D43270ED96800A23E97 /* Frameworks */ = {
			isa = PBXFrameworksBuildPhase;
			buildActionMask = 2147483647;
			files = (
			);
			runOnlyForDeploymentPostprocessing = 0;
		};
		D8C21D55270ED96A00A23E97 /* Frameworks */ = {
			isa = PBXFrameworksBuildPhase;
			buildActionMask = 2147483647;
			files = (
			);
			runOnlyForDeploymentPostprocessing = 0;
		};
		D8C21D5F270ED96A00A23E97 /* Frameworks */ = {
			isa = PBXFrameworksBuildPhase;
			buildActionMask = 2147483647;
			files = (
			);
			runOnlyForDeploymentPostprocessing = 0;
		};
/* End PBXFrameworksBuildPhase section */

/* Begin PBXGroup section */
		D8C21D3D270ED96800A23E97 = {
			isa = PBXGroup;
			children = (
				D8C21D48270ED96800A23E97 /* ColorChange */,
				D8C21D5B270ED96A00A23E97 /* ColorChangeTests */,
				D8C21D65270ED96A00A23E97 /* ColorChangeUITests */,
				D8C21D47270ED96800A23E97 /* Products */,
			);
			sourceTree = "<group>";
		};
		D8C21D47270ED96800A23E97 /* Products */ = {
			isa = PBXGroup;
			children = (
				D8C21D46270ED96800A23E97 /* ColorChange.app */,
				D8C21D58270ED96A00A23E97 /* ColorChangeTests.xctest */,
				D8C21D62270ED96A00A23E97 /* ColorChangeUITests.xctest */,
			);
			name = Products;
			sourceTree = "<group>";
		};
		D8C21D48270ED96800A23E97 /* ColorChange */ = {
			isa = PBXGroup;
			children = (
				D8C21D49270ED96800A23E97 /* AppDelegate.h */,
				D8C21D4A270ED96800A23E97 /* AppDelegate.m */,
				D8C21D75270ED99800A23E97 /* Window_1.h */,
				D8C21D76270ED99800A23E97 /* Window_1.m */,
				D8C21D77270ED99800A23E97 /* Window_1.xib */,
				D8C21D7A270ED9A100A23E97 /* Window_2.h */,
				D8C21D7B270ED9A100A23E97 /* Window_2.m */,
				D8C21D7C270ED9A100A23E97 /* Window_2.xib */,
				D8C21D7F270EDA0C00A23E97 /* Delegate.h */,
				D8C21D4C270ED96900A23E97 /* Assets.xcassets */,
				D8C21D4E270ED96900A23E97 /* MainMenu.xib */,
				D8C21D51270ED96900A23E97 /* main.m */,
				D8C21D53270ED96900A23E97 /* ColorChange.entitlements */,
			);
			path = ColorChange;
			sourceTree = "<group>";
		};
		D8C21D5B270ED96A00A23E97 /* ColorChangeTests */ = {
			isa = PBXGroup;
			children = (
				D8C21D5C270ED96A00A23E97 /* ColorChangeTests.m */,
			);
			path = ColorChangeTests;
			sourceTree = "<group>";
		};
		D8C21D65270ED96A00A23E97 /* ColorChangeUITests */ = {
			isa = PBXGroup;
			children = (
				D8C21D66270ED96A00A23E97 /* ColorChangeUITests.m */,
				D8C21D68270ED96A00A23E97 /* ColorChangeUITestsLaunchTests.m */,
			);
			path = ColorChangeUITests;
			sourceTree = "<group>";
		};
/* End PBXGroup section */

/* Begin PBXNativeTarget section */
		D8C21D45270ED96800A23E97 /* ColorChange */ = {
			isa = PBXNativeTarget;
			buildConfigurationList = D8C21D6C270ED96A00A23E97 /* Build configuration list for PBXNativeTarget "ColorChange" */;
			buildPhases = (
				D8C21D42270ED96800A23E97 /* Sources */,
				D8C21D43270ED96800A23E97 /* Frameworks */,
				D8C21D44270ED96800A23E97 /* Resources */,
			);
			buildRules = (
			);
			dependencies = (
			);
			name = ColorChange;
			productName = ColorChange;
			productReference = D8C21D46270ED96800A23E97 /* ColorChange.app */;
			productType = "com.apple.product-type.application";
		};
		D8C21D57270ED96A00A23E97 /* ColorChangeTests */ = {
			isa = PBXNativeTarget;
			buildConfigurationList = D8C21D6F270ED96A00A23E97 /* Build configuration list for PBXNativeTarget "ColorChangeTests" */;
			buildPhases = (
				D8C21D54270ED96A00A23E97 /* Sources */,
				D8C21D55270ED96A00A23E97 /* Frameworks */,
				D8C21D56270ED96A00A23E97 /* Resources */,
			);
			buildRules = (
			);
			dependencies = (
				D8C21D5A270ED96A00A23E97 /* PBXTargetDependency */,
			);
			name = ColorChangeTests;
			productName = ColorChangeTests;
			productReference = D8C21D58270ED96A00A23E97 /* ColorChangeTests.xctest */;
			productType = "com.apple.product-type.bundle.unit-test";
		};
		D8C21D61270ED96A00A23E97 /* ColorChangeUITests */ = {
			isa = PBXNativeTarget;
			buildConfigurationList = D8C21D72270ED96A00A23E97 /* Build configuration list for PBXNativeTarget "ColorChangeUITests" */;
			buildPhases = (
				D8C21D5E270ED96A00A23E97 /* Sources */,
				D8C21D5F270ED96A00A23E97 /* Frameworks */,
				D8C21D60270ED96A00A23E97 /* Resources */,
			);
			buildRules = (
			);
			dependencies = (
				D8C21D64270ED96A00A23E97 /* PBXTargetDependency */,
			);
			name = ColorChangeUITests;
			productName = ColorChangeUITests;
			productReference = D8C21D62270ED96A00A23E97 /* ColorChangeUITests.xctest */;
			productType = "com.apple.product-type.bundle.ui-testing";
		};
/* End PBXNativeTarget section */

/* Begin PBXProject section */
		D8C21D3E270ED96800A23E97 /* Project object */ = {
			isa = PBXProject;
			attributes = {
				BuildIndependentTargetsInParallel = 1;
				LastUpgradeCheck = 1300;
				TargetAttributes = {
					D8C21D45270ED96800A23E97 = {
						CreatedOnToolsVersion = 13.0;
					};
					D8C21D57270ED96A00A23E97 = {
						CreatedOnToolsVersion = 13.0;
						TestTargetID = D8C21D45270ED96800A23E97;
					};
					D8C21D61270ED96A00A23E97 = {
						CreatedOnToolsVersion = 13.0;
						TestTargetID = D8C21D45270ED96800A23E97;
					};
				};
			};
			buildConfigurationList = D8C21D41270ED96800A23E97 /* Build configuration list for PBXProject "ColorChange" */;
			compatibilityVersion = "Xcode 13.0";
			developmentRegion = en;
			hasScannedForEncodings = 0;
			knownRegions = (
				en,
				Base,
			);
			mainGroup = D8C21D3D270ED96800A23E97;
			productRefGroup = D8C21D47270ED96800A23E97 /* Products */;
			projectDirPath = "";
			projectRoot = "";
			targets = (
				D8C21D45270ED96800A23E97 /* ColorChange */,
				D8C21D57270ED96A00A23E97 /* ColorChangeTests */,
				D8C21D61270ED96A00A23E97 /* ColorChangeUITests */,
			);
		};
/* End PBXProject section */

/* Begin PBXResourcesBuildPhase section */
		D8C21D44270ED96800A23E97 /* Resources */ = {
			isa = PBXResourcesBuildPhase;
			buildActionMask = 2147483647;
			files = (
				D8C21D4D270ED96900A23E97 /* Assets.xcassets in Resources */,
				D8C21D79270ED99800A23E97 /* Window_1.xib in Resources */,
				D8C21D7E270ED9A100A23E97 /* Window_2.xib in Resources */,
				D8C21D50270ED96900A23E97 /* MainMenu.xib in Resources */,
			);
			runOnlyForDeploymentPostprocessing = 0;
		};
		D8C21D56270ED96A00A23E97 /* Resources */ = {
			isa = PBXResourcesBuildPhase;
			buildActionMask = 2147483647;
			files = (
			);
			runOnlyForDeploymentPostprocessing = 0;
		};
		D8C21D60270ED96A00A23E97 /* Resources */ = {
			isa = PBXResourcesBuildPhase;
			buildActionMask = 2147483647;
			files = (
			);
			runOnlyForDeploymentPostprocessing = 0;
		};
/* End PBXResourcesBuildPhase section */

/* Begin PBXSourcesBuildPhase section */
		D8C21D42270ED96800A23E97 /* Sources */ = {
			isa = PBXSourcesBuildPhase;
			buildActionMask = 2147483647;
			files = (
				D8C21D52270ED96900A23E97 /* main.m in Sources */,
				D8C21D78270ED99800A23E97 /* Window_1.m in Sources */,
				D8C21D7D270ED9A100A23E97 /* Window_2.m in Sources */,
				D8C21D4B270ED96800A23E97 /* AppDelegate.m in Sources */,
			);
			runOnlyForDeploymentPostprocessing = 0;
		};
		D8C21D54270ED96A00A23E97 /* Sources */ = {
			isa = PBXSourcesBuildPhase;
			buildActionMask = 2147483647;
			files = (
				D8C21D5D270ED96A00A23E97 /* ColorChangeTests.m in Sources */,
			);
			runOnlyForDeploymentPostprocessing = 0;
		};
		D8C21D5E270ED96A00A23E97 /* Sources */ = {
			isa = PBXSourcesBuildPhase;
			buildActionMask = 2147483647;
			files = (
				D8C21D69270ED96A00A23E97 /* ColorChangeUITestsLaunchTests.m in Sources */,
				D8C21D67270ED96A00A23E97 /* ColorChangeUITests.m in Sources */,
			);
			runOnlyForDeploymentPostprocessing = 0;
		};
/* End PBXSourcesBuildPhase section */

/* Begin PBXTargetDependency section */
		D8C21D5A270ED96A00A23E97 /* PBXTargetDependency */ = {
			isa = PBXTargetDependency;
			target = D8C21D45270ED96800A23E97 /* ColorChange */;
			targetProxy = D8C21D59270ED96A00A23E97 /* PBXContainerItemProxy */;
		};
		D8C21D64270ED96A00A23E97 /* PBXTargetDependency */ = {
			isa = PBXTargetDependency;
			target = D8C21D45270ED96800A23E97 /* ColorChange */;
			targetProxy = D8C21D63270ED96A00A23E97 /* PBXContainerItemProxy */;
		};
/* End PBXTargetDependency section */

/* Begin PBXVariantGroup section */
		D8C21D4E270ED96900A23E97 /* MainMenu.xib */ = {
			isa = PBXVariantGroup;
			children = (
				D8C21D4F270ED96900A23E97 /* Base */,
			);
			name = MainMenu.xib;
			sourceTree = "<group>";
		};
/* End PBXVariantGroup section */

/* Begin XCBuildConfiguration section */
		D8C21D6A270ED96A00A23E97 /* Debug */ = {
			isa = XCBuildConfiguration;
			buildSettings = {
				ALWAYS_SEARCH_USER_PATHS = NO;
				CLANG_ANALYZER_NONNULL = YES;
				CLANG_ANALYZER_NUMBER_OBJECT_CONVERSION = YES_AGGRESSIVE;
				CLANG_CXX_LANGUAGE_STANDARD = "gnu++17";
				CLANG_CXX_LIBRARY = "libc++";
				CLANG_ENABLE_MODULES = YES;
				CLANG_ENABLE_OBJC_ARC = YES;
				CLANG_ENABLE_OBJC_WEAK = YES;
				CLANG_WARN_BLOCK_CAPTURE_AUTORELEASING = YES;
				CLANG_WARN_BOOL_CONVERSION = YES;
				CLANG_WARN_COMMA = YES;
				CLANG_WARN_CONSTANT_CONVERSION = YES;
				CLANG_WARN_DEPRECATED_OBJC_IMPLEMENTATIONS = YES;
				CLANG_WARN_DIRECT_OBJC_ISA_USAGE = YES_ERROR;
				CLANG_WARN_DOCUMENTATION_COMMENTS = YES;
				CLANG_WARN_EMPTY_BODY = YES;
				CLANG_WARN_ENUM_CONVERSION = YES;
				CLANG_WARN_INFINITE_RECURSION = YES;
				CLANG_WARN_INT_CONVERSION = YES;
				CLANG_WARN_NON_LITERAL_NULL_CONVERSION = YES;
				CLANG_WARN_OBJC_IMPLICIT_RETAIN_SELF = YES;
				CLANG_WARN_OBJC_LITERAL_CONVERSION = YES;
				CLANG_WARN_OBJC_ROOT_CLASS = YES_ERROR;
				CLANG_WARN_QUOTED_INCLUDE_IN_FRAMEWORK_HEADER = YES;
				CLANG_WARN_RANGE_LOOP_ANALYSIS = YES;
				CLANG_WARN_STRICT_PROTOTYPES = YES;
				CLANG_WARN_SUSPICIOUS_MOVE = YES;
				CLANG_WARN_UNGUARDED_AVAILABILITY = YES_AGGRESSIVE;
				CLANG_WARN_UNREACHABLE_CODE = YES;
				CLANG_WARN__DUPLICATE_METHOD_MATCH = YES;
				COPY_PHASE_STRIP = NO;
				DEBUG_INFORMATION_FORMAT = dwarf;
				ENABLE_STRICT_OBJC_MSGSEND = YES;
				ENABLE_TESTABILITY = YES;
				GCC_C_LANGUAGE_STANDARD = gnu11;
				GCC_DYNAMIC_NO_PIC = NO;
				GCC_NO_COMMON_BLOCKS = YES;
				GCC_OPTIMIZATION_LEVEL = 0;
				GCC_PREPROCESSOR_DEFINITIONS = (
					"DEBUG=1",
					"$(inherited)",
				);
				GCC_WARN_64_TO_32_BIT_CONVERSION = YES;
				GCC_WARN_ABOUT_RETURN_TYPE = YES_ERROR;
				GCC_WARN_UNDECLARED_SELECTOR = YES;
				GCC_WARN_UNINITIALIZED_AUTOS = YES_AGGRESSIVE;
				GCC_WARN_UNUSED_FUNCTION = YES;
				GCC_WARN_UNUSED_VARIABLE = YES;
				MACOSX_DEPLOYMENT_TARGET = 11.3;
				MTL_ENABLE_DEBUG_INFO = INCLUDE_SOURCE;
				MTL_FAST_MATH = YES;
				ONLY_ACTIVE_ARCH = YES;
				SDKROOT = macosx;
			};
			name = Debug;
		};
		D8C21D6B270ED96A00A23E97 /* Release */ = {
			isa = XCBuildConfiguration;
			buildSettings = {
				ALWAYS_SEARCH_USER_PATHS = NO;
				CLANG_ANALYZER_NONNULL = YES;
				CLANG_ANALYZER_NUMBER_OBJECT_CONVERSION = YES_AGGRESSIVE;
				CLANG_CXX_LANGUAGE_STANDARD = "gnu++17";
				CLANG_CXX_LIBRARY = "libc++";
				CLANG_ENABLE_MODULES = YES;
				CLANG_ENABLE_OBJC_ARC = YES;
				CLANG_ENABLE_OBJC_WEAK = YES;
				CLANG_WARN_BLOCK_CAPTURE_AUTORELEASING = YES;
				CLANG_WARN_BOOL_CONVERSION = YES;
				CLANG_WARN_COMMA = YES;
				CLANG_WARN_CONSTANT_CONVERSION = YES;
				CLANG_WARN_DEPRECATED_OBJC_IMPLEMENTATIONS = YES;
				CLANG_WARN_DIRECT_OBJC_ISA_USAGE = YES_ERROR;
				CLANG_WARN_DOCUMENTATION_COMMENTS = YES;
				CLANG_WARN_EMPTY_BODY = YES;
				CLANG_WARN_ENUM_CONVERSION = YES;
				CLANG_WARN_INFINITE_RECURSION = YES;
				CLANG_WARN_INT_CONVERSION = YES;
				CLANG_WARN_NON_LITERAL_NULL_CONVERSION = YES;
				CLANG_WARN_OBJC_IMPLICIT_RETAIN_SELF = YES;
				CLANG_WARN_OBJC_LITERAL_CONVERSION = YES;
				CLANG_WARN_OBJC_ROOT_CLASS = YES_ERROR;
				CLANG_WARN_QUOTED_INCLUDE_IN_FRAMEWORK_HEADER = YES;
				CLANG_WARN_RANGE_LOOP_ANALYSIS = YES;
				CLANG_WARN_STRICT_PROTOTYPES = YES;
				CLANG_WARN_SUSPICIOUS_MOVE = YES;
				CLANG_WARN_UNGUARDED_AVAILABILITY = YES_AGGRESSIVE;
				CLANG_WARN_UNREACHABLE_CODE = YES;
				CLANG_WARN__DUPLICATE_METHOD_MATCH = YES;
				COPY_PHASE_STRIP = NO;
				DEBUG_INFORMATION_FORMAT = "dwarf-with-dsym";
				ENABLE_NS_ASSERTIONS = NO;
				ENABLE_STRICT_OBJC_MSGSEND = YES;
				GCC_C_LANGUAGE_STANDARD = gnu11;
				GCC_NO_COMMON_BLOCKS = YES;
				GCC_WARN_64_TO_32_BIT_CONVERSION = YES;
				GCC_WARN_ABOUT_RETURN_TYPE = YES_ERROR;
				GCC_WARN_UNDECLARED_SELECTOR = YES;
				GCC_WARN_UNINITIALIZED_AUTOS = YES_AGGRESSIVE;
				GCC_WARN_UNUSED_FUNCTION = YES;
				GCC_WARN_UNUSED_VARIABLE = YES;
				MACOSX_DEPLOYMENT_TARGET = 11.3;
				MTL_ENABLE_DEBUG_INFO = NO;
				MTL_FAST_MATH = YES;
				SDKROOT = macosx;
			};
			name = Release;
		};
		D8C21D6D270ED96A00A23E97 /* Debug */ = {
			isa = XCBuildConfiguration;
			buildSettings = {
				ASSETCATALOG_COMPILER_APPICON_NAME = AppIcon;
				ASSETCATALOG_COMPILER_GLOBAL_ACCENT_COLOR_NAME = AccentColor;
				CODE_SIGN_ENTITLEMENTS = ColorChange/ColorChange.entitlements;
				CODE_SIGN_IDENTITY = "Apple Development";
				CODE_SIGN_STYLE = Manual;
				COMBINE_HIDPI_IMAGES = YES;
				CURRENT_PROJECT_VERSION = 1;
				DEVELOPMENT_TEAM = 5UJTA27SZF;
				GENERATE_INFOPLIST_FILE = YES;
				INFOPLIST_KEY_NSHumanReadableCopyright = "";
				INFOPLIST_KEY_NSMainNibFile = MainMenu;
				INFOPLIST_KEY_NSPrincipalClass = NSApplication;
				LD_RUNPATH_SEARCH_PATHS = (
					"$(inherited)",
					"@executable_path/../Frameworks",
				);
				MARKETING_VERSION = 1.0;
				PRODUCT_BUNDLE_IDENTIFIER = Test.ColorChange;
				PRODUCT_NAME = "$(TARGET_NAME)";
				PROVISIONING_PROFILE_SPECIFIER = "";
				SWIFT_EMIT_LOC_STRINGS = YES;
			};
			name = Debug;
		};
		D8C21D6E270ED96A00A23E97 /* Release */ = {
			isa = XCBuildConfiguration;
			buildSettings = {
				ASSETCATALOG_COMPILER_APPICON_NAME = AppIcon;
				ASSETCATALOG_COMPILER_GLOBAL_ACCENT_COLOR_NAME = AccentColor;
				CODE_SIGN_ENTITLEMENTS = ColorChange/ColorChange.entitlements;
				CODE_SIGN_IDENTITY = "Apple Development";
				CODE_SIGN_STYLE = Manual;
				COMBINE_HIDPI_IMAGES = YES;
				CURRENT_PROJECT_VERSION = 1;
				DEVELOPMENT_TEAM = 5UJTA27SZF;
				GENERATE_INFOPLIST_FILE = YES;
				INFOPLIST_KEY_NSHumanReadableCopyright = "";
				INFOPLIST_KEY_NSMainNibFile = MainMenu;
				INFOPLIST_KEY_NSPrincipalClass = NSApplication;
				LD_RUNPATH_SEARCH_PATHS = (
					"$(inherited)",
					"@executable_path/../Frameworks",
				);
				MARKETING_VERSION = 1.0;
				PRODUCT_BUNDLE_IDENTIFIER = Test.ColorChange;
				PRODUCT_NAME = "$(TARGET_NAME)";
				PROVISIONING_PROFILE_SPECIFIER = "";
				SWIFT_EMIT_LOC_STRINGS = YES;
			};
			name = Release;
		};
		D8C21D70270ED96A00A23E97 /* Debug */ = {
			isa = XCBuildConfiguration;
			buildSettings = {
				BUNDLE_LOADER = "$(TEST_HOST)";
				CODE_SIGN_STYLE = Automatic;
				COMBINE_HIDPI_IMAGES = YES;
				CURRENT_PROJECT_VERSION = 1;
				GENERATE_INFOPLIST_FILE = YES;
				LD_RUNPATH_SEARCH_PATHS = (
					"$(inherited)",
					"@executable_path/../Frameworks",
					"@loader_path/../Frameworks",
				);
				MACOSX_DEPLOYMENT_TARGET = 11.3;
				MARKETING_VERSION = 1.0;
				PRODUCT_BUNDLE_IDENTIFIER = Test.ColorChangeTests;
				PRODUCT_NAME = "$(TARGET_NAME)";
				SWIFT_EMIT_LOC_STRINGS = NO;
				TEST_HOST = "$(BUILT_PRODUCTS_DIR)/ColorChange.app/Contents/MacOS/ColorChange";
			};
			name = Debug;
		};
		D8C21D71270ED96A00A23E97 /* Release */ = {
			isa = XCBuildConfiguration;
			buildSettings = {
				BUNDLE_LOADER = "$(TEST_HOST)";
				CODE_SIGN_STYLE = Automatic;
				COMBINE_HIDPI_IMAGES = YES;
				CURRENT_PROJECT_VERSION = 1;
				GENERATE_INFOPLIST_FILE = YES;
				LD_RUNPATH_SEARCH_PATHS = (
					"$(inherited)",
					"@executable_path/../Frameworks",
					"@loader_path/../Frameworks",
				);
				MACOSX_DEPLOYMENT_TARGET = 11.3;
				MARKETING_VERSION = 1.0;
				PRODUCT_BUNDLE_IDENTIFIER = Test.ColorChangeTests;
				PRODUCT_NAME = "$(TARGET_NAME)";
				SWIFT_EMIT_LOC_STRINGS = NO;
				TEST_HOST = "$(BUILT_PRODUCTS_DIR)/ColorChange.app/Contents/MacOS/ColorChange";
			};
			name = Release;
		};
		D8C21D73270ED96A00A23E97 /* Debug */ = {
			isa = XCBuildConfiguration;
			buildSettings = {
				CODE_SIGN_STYLE = Automatic;
				COMBINE_HIDPI_IMAGES = YES;
				CURRENT_PROJECT_VERSION = 1;
				GENERATE_INFOPLIST_FILE = YES;
				LD_RUNPATH_SEARCH_PATHS = (
					"$(inherited)",
					"@executable_path/../Frameworks",
					"@loader_path/../Frameworks",
				);
				MARKETING_VERSION = 1.0;
				PRODUCT_BUNDLE_IDENTIFIER = Test.ColorChangeUITests;
				PRODUCT_NAME = "$(TARGET_NAME)";
				SWIFT_EMIT_LOC_STRINGS = NO;
				TEST_TARGET_NAME = ColorChange;
			};
			name = Debug;
		};
		D8C21D74270ED96A00A23E97 /* Release */ = {
			isa = XCBuildConfiguration;
			buildSettings = {
				CODE_SIGN_STYLE = Automatic;
				COMBINE_HIDPI_IMAGES = YES;
				CURRENT_PROJECT_VERSION = 1;
				GENERATE_INFOPLIST_FILE = YES;
				LD_RUNPATH_SEARCH_PATHS = (
					"$(inherited)",
					"@executable_path/../Frameworks",
					"@loader_path/../Frameworks",
				);
				MARKETING_VERSION = 1.0;
				PRODUCT_BUNDLE_IDENTIFIER = Test.ColorChangeUITests;
				PRODUCT_NAME = "$(TARGET_NAME)";
				SWIFT_EMIT_LOC_STRINGS = NO;
				TEST_TARGET_NAME = ColorChange;
			};
			name = Release;
		};
/* End XCBuildConfiguration section */

/* Begin XCConfigurationList section */
		D8C21D41270ED96800A23E97 /* Build configuration list for PBXProject "ColorChange" */ = {
			isa = XCConfigurationList;
			buildConfigurations = (
				D8C21D6A270ED96A00A23E97 /* Debug */,
				D8C21D6B270ED96A00A23E97 /* Release */,
			);
			defaultConfigurationIsVisible = 0;
			defaultConfigurationName = Release;
		};
		D8C21D6C270ED96A00A23E97 /* Build configuration list for PBXNativeTarget "ColorChange" */ = {
			isa = XCConfigurationList;
			buildConfigurations = (
				D8C21D6D270ED96A00A23E97 /* Debug */,
				D8C21D6E270ED96A00A23E97 /* Release */,
			);
			defaultConfigurationIsVisible = 0;
			defaultConfigurationName = Release;
		};
		D8C21D6F270ED96A00A23E97 /* Build configuration list for PBXNativeTarget "ColorChangeTests" */ = {
			isa = XCConfigurationList;
			buildConfigurations = (
				D8C21D70270ED96A00A23E97 /* Debug */,
				D8C21D71270ED96A00A23E97 /* Release */,
			);
			defaultConfigurationIsVisible = 0;
			defaultConfigurationName = Release;
		};
		D8C21D72270ED96A00A23E97 /* Build configuration list for PBXNativeTarget "ColorChangeUITests" */ = {
			isa = XCConfigurationList;
			buildConfigurations = (
				D8C21D73270ED96A00A23E97 /* Debug */,
				D8C21D74270ED96A00A23E97 /* Release */,
			);
			defaultConfigurationIsVisible = 0;
			defaultConfigurationName = Release;
		};
/* End XCConfigurationList section */
	};
	rootObject = D8C21D3E270ED96800A23E97 /* Project object */;
}
