// !$*UTF8*$!
{
	archiveVersion = 1;
	classes = {
	};
	objectVersion = 55;
	objects = {

/* Begin PBXBuildFile section */
		D8D20C7127697299000C2846 /* AppDelegate.m in Sources */ = {isa = PBXBuildFile; fileRef = D8D20C7027697299000C2846 /* AppDelegate.m */; };
		D8D20C732769729E000C2846 /* Assets.xcassets in Resources */ = {isa = PBXBuildFile; fileRef = D8D20C722769729E000C2846 /* Assets.xcassets */; };
		D8D20C762769729E000C2846 /* MainMenu.xib in Resources */ = {isa = PBXBuildFile; fileRef = D8D20C742769729E000C2846 /* MainMenu.xib */; };
		D8D20C782769729E000C2846 /* main.m in Sources */ = {isa = PBXBuildFile; fileRef = D8D20C772769729E000C2846 /* main.m */; };
		D8D20C832769729E000C2846 /* CircleProgressBarTests.m in Sources */ = {isa = PBXBuildFile; fileRef = D8D20C822769729E000C2846 /* CircleProgressBarTests.m */; };
		D8D20C8D2769729E000C2846 /* CircleProgressBarUITests.m in Sources */ = {isa = PBXBuildFile; fileRef = D8D20C8C2769729E000C2846 /* CircleProgressBarUITests.m */; };
		D8D20C8F2769729E000C2846 /* CircleProgressBarUITestsLaunchTests.m in Sources */ = {isa = PBXBuildFile; fileRef = D8D20C8E2769729E000C2846 /* CircleProgressBarUITestsLaunchTests.m */; };
		D8D20C9D276972EC000C2846 /* CircleProgressBarView.m in Sources */ = {isa = PBXBuildFile; fileRef = D8D20C9C276972EC000C2846 /* CircleProgressBarView.m */; };
		D8D20CA0276973B9000C2846 /* ProgressBarView.m in Sources */ = {isa = PBXBuildFile; fileRef = D8D20C9F276973B9000C2846 /* ProgressBarView.m */; };
		D8D20CA2276973EE000C2846 /* ProgressBarView.xib in Resources */ = {isa = PBXBuildFile; fileRef = D8D20CA1276973EE000C2846 /* ProgressBarView.xib */; };
/* End PBXBuildFile section */

/* Begin PBXContainerItemProxy section */
		D8D20C7F2769729E000C2846 /* PBXContainerItemProxy */ = {
			isa = PBXContainerItemProxy;
			containerPortal = D8D20C6427697299000C2846 /* Project object */;
			proxyType = 1;
			remoteGlobalIDString = D8D20C6B27697299000C2846;
			remoteInfo = CircleProgressBar;
		};
		D8D20C892769729E000C2846 /* PBXContainerItemProxy */ = {
			isa = PBXContainerItemProxy;
			containerPortal = D8D20C6427697299000C2846 /* Project object */;
			proxyType = 1;
			remoteGlobalIDString = D8D20C6B27697299000C2846;
			remoteInfo = CircleProgressBar;
		};
/* End PBXContainerItemProxy section */

/* Begin PBXFileReference section */
		D8D20C6C27697299000C2846 /* CircleProgressBar.app */ = {isa = PBXFileReference; explicitFileType = wrapper.application; includeInIndex = 0; path = CircleProgressBar.app; sourceTree = BUILT_PRODUCTS_DIR; };
		D8D20C6F27697299000C2846 /* AppDelegate.h */ = {isa = PBXFileReference; lastKnownFileType = sourcecode.c.h; path = AppDelegate.h; sourceTree = "<group>"; };
		D8D20C7027697299000C2846 /* AppDelegate.m */ = {isa = PBXFileReference; lastKnownFileType = sourcecode.c.objc; path = AppDelegate.m; sourceTree = "<group>"; };
		D8D20C722769729E000C2846 /* Assets.xcassets */ = {isa = PBXFileReference; lastKnownFileType = folder.assetcatalog; path = Assets.xcassets; sourceTree = "<group>"; };
		D8D20C752769729E000C2846 /* Base */ = {isa = PBXFileReference; lastKnownFileType = file.xib; name = Base; path = Base.lproj/MainMenu.xib; sourceTree = "<group>"; };
		D8D20C772769729E000C2846 /* main.m */ = {isa = PBXFileReference; lastKnownFileType = sourcecode.c.objc; path = main.m; sourceTree = "<group>"; };
		D8D20C792769729E000C2846 /* CircleProgressBar.entitlements */ = {isa = PBXFileReference; lastKnownFileType = text.plist.entitlements; path = CircleProgressBar.entitlements; sourceTree = "<group>"; };
		D8D20C7E2769729E000C2846 /* CircleProgressBarTests.xctest */ = {isa = PBXFileReference; explicitFileType = wrapper.cfbundle; includeInIndex = 0; path = CircleProgressBarTests.xctest; sourceTree = BUILT_PRODUCTS_DIR; };
		D8D20C822769729E000C2846 /* CircleProgressBarTests.m */ = {isa = PBXFileReference; lastKnownFileType = sourcecode.c.objc; path = CircleProgressBarTests.m; sourceTree = "<group>"; };
		D8D20C882769729E000C2846 /* CircleProgressBarUITests.xctest */ = {isa = PBXFileReference; explicitFileType = wrapper.cfbundle; includeInIndex = 0; path = CircleProgressBarUITests.xctest; sourceTree = BUILT_PRODUCTS_DIR; };
		D8D20C8C2769729E000C2846 /* CircleProgressBarUITests.m */ = {isa = PBXFileReference; lastKnownFileType = sourcecode.c.objc; path = CircleProgressBarUITests.m; sourceTree = "<group>"; };
		D8D20C8E2769729E000C2846 /* CircleProgressBarUITestsLaunchTests.m */ = {isa = PBXFileReference; lastKnownFileType = sourcecode.c.objc; path = CircleProgressBarUITestsLaunchTests.m; sourceTree = "<group>"; };
		D8D20C9B276972EC000C2846 /* CircleProgressBarView.h */ = {isa = PBXFileReference; lastKnownFileType = sourcecode.c.h; path = CircleProgressBarView.h; sourceTree = "<group>"; };
		D8D20C9C276972EC000C2846 /* CircleProgressBarView.m */ = {isa = PBXFileReference; lastKnownFileType = sourcecode.c.objc; path = CircleProgressBarView.m; sourceTree = "<group>"; };
		D8D20C9E276973B9000C2846 /* ProgressBarView.h */ = {isa = PBXFileReference; lastKnownFileType = sourcecode.c.h; path = ProgressBarView.h; sourceTree = "<group>"; };
		D8D20C9F276973B9000C2846 /* ProgressBarView.m */ = {isa = PBXFileReference; lastKnownFileType = sourcecode.c.objc; path = ProgressBarView.m; sourceTree = "<group>"; };
		D8D20CA1276973EE000C2846 /* ProgressBarView.xib */ = {isa = PBXFileReference; lastKnownFileType = file.xib; path = ProgressBarView.xib; sourceTree = "<group>"; };
/* End PBXFileReference section */

/* Begin PBXFrameworksBuildPhase section */
		D8D20C6927697299000C2846 /* Frameworks */ = {
			isa = PBXFrameworksBuildPhase;
			buildActionMask = 2147483647;
			files = (
			);
			runOnlyForDeploymentPostprocessing = 0;
		};
		D8D20C7B2769729E000C2846 /* Frameworks */ = {
			isa = PBXFrameworksBuildPhase;
			buildActionMask = 2147483647;
			files = (
			);
			runOnlyForDeploymentPostprocessing = 0;
		};
		D8D20C852769729E000C2846 /* Frameworks */ = {
			isa = PBXFrameworksBuildPhase;
			buildActionMask = 2147483647;
			files = (
			);
			runOnlyForDeploymentPostprocessing = 0;
		};
/* End PBXFrameworksBuildPhase section */

/* Begin PBXGroup section */
		D8D20C6327697299000C2846 = {
			isa = PBXGroup;
			children = (
				D8D20C6E27697299000C2846 /* CircleProgressBar */,
				D8D20C812769729E000C2846 /* CircleProgressBarTests */,
				D8D20C8B2769729E000C2846 /* CircleProgressBarUITests */,
				D8D20C6D27697299000C2846 /* Products */,
			);
			sourceTree = "<group>";
		};
		D8D20C6D27697299000C2846 /* Products */ = {
			isa = PBXGroup;
			children = (
				D8D20C6C27697299000C2846 /* CircleProgressBar.app */,
				D8D20C7E2769729E000C2846 /* CircleProgressBarTests.xctest */,
				D8D20C882769729E000C2846 /* CircleProgressBarUITests.xctest */,
			);
			name = Products;
			sourceTree = "<group>";
		};
		D8D20C6E27697299000C2846 /* CircleProgressBar */ = {
			isa = PBXGroup;
			children = (
				D8D20C6F27697299000C2846 /* AppDelegate.h */,
				D8D20C7027697299000C2846 /* AppDelegate.m */,
				D8D20C742769729E000C2846 /* MainMenu.xib */,
				D8D20C9E276973B9000C2846 /* ProgressBarView.h */,
				D8D20C9F276973B9000C2846 /* ProgressBarView.m */,
				D8D20CA1276973EE000C2846 /* ProgressBarView.xib */,
				D8D20C9B276972EC000C2846 /* CircleProgressBarView.h */,
				D8D20C9C276972EC000C2846 /* CircleProgressBarView.m */,
				D8D20C722769729E000C2846 /* Assets.xcassets */,
				D8D20C772769729E000C2846 /* main.m */,
				D8D20C792769729E000C2846 /* CircleProgressBar.entitlements */,
			);
			path = CircleProgressBar;
			sourceTree = "<group>";
		};
		D8D20C812769729E000C2846 /* CircleProgressBarTests */ = {
			isa = PBXGroup;
			children = (
				D8D20C822769729E000C2846 /* CircleProgressBarTests.m */,
			);
			path = CircleProgressBarTests;
			sourceTree = "<group>";
		};
		D8D20C8B2769729E000C2846 /* CircleProgressBarUITests */ = {
			isa = PBXGroup;
			children = (
				D8D20C8C2769729E000C2846 /* CircleProgressBarUITests.m */,
				D8D20C8E2769729E000C2846 /* CircleProgressBarUITestsLaunchTests.m */,
			);
			path = CircleProgressBarUITests;
			sourceTree = "<group>";
		};
/* End PBXGroup section */

/* Begin PBXNativeTarget section */
		D8D20C6B27697299000C2846 /* CircleProgressBar */ = {
			isa = PBXNativeTarget;
			buildConfigurationList = D8D20C922769729E000C2846 /* Build configuration list for PBXNativeTarget "CircleProgressBar" */;
			buildPhases = (
				D8D20C6827697299000C2846 /* Sources */,
				D8D20C6927697299000C2846 /* Frameworks */,
				D8D20C6A27697299000C2846 /* Resources */,
			);
			buildRules = (
			);
			dependencies = (
			);
			name = CircleProgressBar;
			productName = CircleProgressBar;
			productReference = D8D20C6C27697299000C2846 /* CircleProgressBar.app */;
			productType = "com.apple.product-type.application";
		};
		D8D20C7D2769729E000C2846 /* CircleProgressBarTests */ = {
			isa = PBXNativeTarget;
			buildConfigurationList = D8D20C952769729E000C2846 /* Build configuration list for PBXNativeTarget "CircleProgressBarTests" */;
			buildPhases = (
				D8D20C7A2769729E000C2846 /* Sources */,
				D8D20C7B2769729E000C2846 /* Frameworks */,
				D8D20C7C2769729E000C2846 /* Resources */,
			);
			buildRules = (
			);
			dependencies = (
				D8D20C802769729E000C2846 /* PBXTargetDependency */,
			);
			name = CircleProgressBarTests;
			productName = CircleProgressBarTests;
			productReference = D8D20C7E2769729E000C2846 /* CircleProgressBarTests.xctest */;
			productType = "com.apple.product-type.bundle.unit-test";
		};
		D8D20C872769729E000C2846 /* CircleProgressBarUITests */ = {
			isa = PBXNativeTarget;
			buildConfigurationList = D8D20C982769729E000C2846 /* Build configuration list for PBXNativeTarget "CircleProgressBarUITests" */;
			buildPhases = (
				D8D20C842769729E000C2846 /* Sources */,
				D8D20C852769729E000C2846 /* Frameworks */,
				D8D20C862769729E000C2846 /* Resources */,
			);
			buildRules = (
			);
			dependencies = (
				D8D20C8A2769729E000C2846 /* PBXTargetDependency */,
			);
			name = CircleProgressBarUITests;
			productName = CircleProgressBarUITests;
			productReference = D8D20C882769729E000C2846 /* CircleProgressBarUITests.xctest */;
			productType = "com.apple.product-type.bundle.ui-testing";
		};
/* End PBXNativeTarget section */

/* Begin PBXProject section */
		D8D20C6427697299000C2846 /* Project object */ = {
			isa = PBXProject;
			attributes = {
				BuildIndependentTargetsInParallel = 1;
				LastUpgradeCheck = 1310;
				TargetAttributes = {
					D8D20C6B27697299000C2846 = {
						CreatedOnToolsVersion = 13.1;
					};
					D8D20C7D2769729E000C2846 = {
						CreatedOnToolsVersion = 13.1;
						TestTargetID = D8D20C6B27697299000C2846;
					};
					D8D20C872769729E000C2846 = {
						CreatedOnToolsVersion = 13.1;
						TestTargetID = D8D20C6B27697299000C2846;
					};
				};
			};
			buildConfigurationList = D8D20C6727697299000C2846 /* Build configuration list for PBXProject "CircleProgressBar" */;
			compatibilityVersion = "Xcode 13.0";
			developmentRegion = en;
			hasScannedForEncodings = 0;
			knownRegions = (
				en,
				Base,
			);
			mainGroup = D8D20C6327697299000C2846;
			productRefGroup = D8D20C6D27697299000C2846 /* Products */;
			projectDirPath = "";
			projectRoot = "";
			targets = (
				D8D20C6B27697299000C2846 /* CircleProgressBar */,
				D8D20C7D2769729E000C2846 /* CircleProgressBarTests */,
				D8D20C872769729E000C2846 /* CircleProgressBarUITests */,
			);
		};
/* End PBXProject section */

/* Begin PBXResourcesBuildPhase section */
		D8D20C6A27697299000C2846 /* Resources */ = {
			isa = PBXResourcesBuildPhase;
			buildActionMask = 2147483647;
			files = (
				D8D20C732769729E000C2846 /* Assets.xcassets in Resources */,
				D8D20C762769729E000C2846 /* MainMenu.xib in Resources */,
				D8D20CA2276973EE000C2846 /* ProgressBarView.xib in Resources */,
			);
			runOnlyForDeploymentPostprocessing = 0;
		};
		D8D20C7C2769729E000C2846 /* Resources */ = {
			isa = PBXResourcesBuildPhase;
			buildActionMask = 2147483647;
			files = (
			);
			runOnlyForDeploymentPostprocessing = 0;
		};
		D8D20C862769729E000C2846 /* Resources */ = {
			isa = PBXResourcesBuildPhase;
			buildActionMask = 2147483647;
			files = (
			);
			runOnlyForDeploymentPostprocessing = 0;
		};
/* End PBXResourcesBuildPhase section */

/* Begin PBXSourcesBuildPhase section */
		D8D20C6827697299000C2846 /* Sources */ = {
			isa = PBXSourcesBuildPhase;
			buildActionMask = 2147483647;
			files = (
				D8D20C782769729E000C2846 /* main.m in Sources */,
				D8D20C9D276972EC000C2846 /* CircleProgressBarView.m in Sources */,
				D8D20CA0276973B9000C2846 /* ProgressBarView.m in Sources */,
				D8D20C7127697299000C2846 /* AppDelegate.m in Sources */,
			);
			runOnlyForDeploymentPostprocessing = 0;
		};
		D8D20C7A2769729E000C2846 /* Sources */ = {
			isa = PBXSourcesBuildPhase;
			buildActionMask = 2147483647;
			files = (
				D8D20C832769729E000C2846 /* CircleProgressBarTests.m in Sources */,
			);
			runOnlyForDeploymentPostprocessing = 0;
		};
		D8D20C842769729E000C2846 /* Sources */ = {
			isa = PBXSourcesBuildPhase;
			buildActionMask = 2147483647;
			files = (
				D8D20C8D2769729E000C2846 /* CircleProgressBarUITests.m in Sources */,
				D8D20C8F2769729E000C2846 /* CircleProgressBarUITestsLaunchTests.m in Sources */,
			);
			runOnlyForDeploymentPostprocessing = 0;
		};
/* End PBXSourcesBuildPhase section */

/* Begin PBXTargetDependency section */
		D8D20C802769729E000C2846 /* PBXTargetDependency */ = {
			isa = PBXTargetDependency;
			target = D8D20C6B27697299000C2846 /* CircleProgressBar */;
			targetProxy = D8D20C7F2769729E000C2846 /* PBXContainerItemProxy */;
		};
		D8D20C8A2769729E000C2846 /* PBXTargetDependency */ = {
			isa = PBXTargetDependency;
			target = D8D20C6B27697299000C2846 /* CircleProgressBar */;
			targetProxy = D8D20C892769729E000C2846 /* PBXContainerItemProxy */;
		};
/* End PBXTargetDependency section */

/* Begin PBXVariantGroup section */
		D8D20C742769729E000C2846 /* MainMenu.xib */ = {
			isa = PBXVariantGroup;
			children = (
				D8D20C752769729E000C2846 /* Base */,
			);
			name = MainMenu.xib;
			sourceTree = "<group>";
		};
/* End PBXVariantGroup section */

/* Begin XCBuildConfiguration section */
		D8D20C902769729E000C2846 /* Debug */ = {
			isa = XCBuildConfiguration;
			buildSettings = {
				ALWAYS_SEARCH_USER_PATHS = NO;
				CLANG_ANALYZER_NONNULL = YES;
				CLANG_ANALYZER_NUMBER_OBJECT_CONVERSION = YES_AGGRESSIVE;
				CLANG_CXX_LANGUAGE_STANDARD = "gnu++17";
				CLANG_CXX_LIBRARY = "libc++";
				CLANG_ENABLE_MODULES = YES;
				CLANG_ENABLE_OBJC_ARC = YES;
				CLANG_ENABLE_OBJC_WEAK = YES;
				CLANG_WARN_BLOCK_CAPTURE_AUTORELEASING = YES;
				CLANG_WARN_BOOL_CONVERSION = YES;
				CLANG_WARN_COMMA = YES;
				CLANG_WARN_CONSTANT_CONVERSION = YES;
				CLANG_WARN_DEPRECATED_OBJC_IMPLEMENTATIONS = YES;
				CLANG_WARN_DIRECT_OBJC_ISA_USAGE = YES_ERROR;
				CLANG_WARN_DOCUMENTATION_COMMENTS = YES;
				CLANG_WARN_EMPTY_BODY = YES;
				CLANG_WARN_ENUM_CONVERSION = YES;
				CLANG_WARN_INFINITE_RECURSION = YES;
				CLANG_WARN_INT_CONVERSION = YES;
				CLANG_WARN_NON_LITERAL_NULL_CONVERSION = YES;
				CLANG_WARN_OBJC_IMPLICIT_RETAIN_SELF = YES;
				CLANG_WARN_OBJC_LITERAL_CONVERSION = YES;
				CLANG_WARN_OBJC_ROOT_CLASS = YES_ERROR;
				CLANG_WARN_QUOTED_INCLUDE_IN_FRAMEWORK_HEADER = YES;
				CLANG_WARN_RANGE_LOOP_ANALYSIS = YES;
				CLANG_WARN_STRICT_PROTOTYPES = YES;
				CLANG_WARN_SUSPICIOUS_MOVE = YES;
				CLANG_WARN_UNGUARDED_AVAILABILITY = YES_AGGRESSIVE;
				CLANG_WARN_UNREACHABLE_CODE = YES;
				CLANG_WARN__DUPLICATE_METHOD_MATCH = YES;
				COPY_PHASE_STRIP = NO;
				DEBUG_INFORMATION_FORMAT = dwarf;
				ENABLE_STRICT_OBJC_MSGSEND = YES;
				ENABLE_TESTABILITY = YES;
				GCC_C_LANGUAGE_STANDARD = gnu11;
				GCC_DYNAMIC_NO_PIC = NO;
				GCC_NO_COMMON_BLOCKS = YES;
				GCC_OPTIMIZATION_LEVEL = 0;
				GCC_PREPROCESSOR_DEFINITIONS = (
					"DEBUG=1",
					"$(inherited)",
				);
				GCC_WARN_64_TO_32_BIT_CONVERSION = YES;
				GCC_WARN_ABOUT_RETURN_TYPE = YES_ERROR;
				GCC_WARN_UNDECLARED_SELECTOR = YES;
				GCC_WARN_UNINITIALIZED_AUTOS = YES_AGGRESSIVE;
				GCC_WARN_UNUSED_FUNCTION = YES;
				GCC_WARN_UNUSED_VARIABLE = YES;
				MACOSX_DEPLOYMENT_TARGET = 11.6;
				MTL_ENABLE_DEBUG_INFO = INCLUDE_SOURCE;
				MTL_FAST_MATH = YES;
				ONLY_ACTIVE_ARCH = YES;
				SDKROOT = macosx;
			};
			name = Debug;
		};
		D8D20C912769729E000C2846 /* Release */ = {
			isa = XCBuildConfiguration;
			buildSettings = {
				ALWAYS_SEARCH_USER_PATHS = NO;
				CLANG_ANALYZER_NONNULL = YES;
				CLANG_ANALYZER_NUMBER_OBJECT_CONVERSION = YES_AGGRESSIVE;
				CLANG_CXX_LANGUAGE_STANDARD = "gnu++17";
				CLANG_CXX_LIBRARY = "libc++";
				CLANG_ENABLE_MODULES = YES;
				CLANG_ENABLE_OBJC_ARC = YES;
				CLANG_ENABLE_OBJC_WEAK = YES;
				CLANG_WARN_BLOCK_CAPTURE_AUTORELEASING = YES;
				CLANG_WARN_BOOL_CONVERSION = YES;
				CLANG_WARN_COMMA = YES;
				CLANG_WARN_CONSTANT_CONVERSION = YES;
				CLANG_WARN_DEPRECATED_OBJC_IMPLEMENTATIONS = YES;
				CLANG_WARN_DIRECT_OBJC_ISA_USAGE = YES_ERROR;
				CLANG_WARN_DOCUMENTATION_COMMENTS = YES;
				CLANG_WARN_EMPTY_BODY = YES;
				CLANG_WARN_ENUM_CONVERSION = YES;
				CLANG_WARN_INFINITE_RECURSION = YES;
				CLANG_WARN_INT_CONVERSION = YES;
				CLANG_WARN_NON_LITERAL_NULL_CONVERSION = YES;
				CLANG_WARN_OBJC_IMPLICIT_RETAIN_SELF = YES;
				CLANG_WARN_OBJC_LITERAL_CONVERSION = YES;
				CLANG_WARN_OBJC_ROOT_CLASS = YES_ERROR;
				CLANG_WARN_QUOTED_INCLUDE_IN_FRAMEWORK_HEADER = YES;
				CLANG_WARN_RANGE_LOOP_ANALYSIS = YES;
				CLANG_WARN_STRICT_PROTOTYPES = YES;
				CLANG_WARN_SUSPICIOUS_MOVE = YES;
				CLANG_WARN_UNGUARDED_AVAILABILITY = YES_AGGRESSIVE;
				CLANG_WARN_UNREACHABLE_CODE = YES;
				CLANG_WARN__DUPLICATE_METHOD_MATCH = YES;
				COPY_PHASE_STRIP = NO;
				DEBUG_INFORMATION_FORMAT = "dwarf-with-dsym";
				ENABLE_NS_ASSERTIONS = NO;
				ENABLE_STRICT_OBJC_MSGSEND = YES;
				GCC_C_LANGUAGE_STANDARD = gnu11;
				GCC_NO_COMMON_BLOCKS = YES;
				GCC_WARN_64_TO_32_BIT_CONVERSION = YES;
				GCC_WARN_ABOUT_RETURN_TYPE = YES_ERROR;
				GCC_WARN_UNDECLARED_SELECTOR = YES;
				GCC_WARN_UNINITIALIZED_AUTOS = YES_AGGRESSIVE;
				GCC_WARN_UNUSED_FUNCTION = YES;
				GCC_WARN_UNUSED_VARIABLE = YES;
				MACOSX_DEPLOYMENT_TARGET = 11.6;
				MTL_ENABLE_DEBUG_INFO = NO;
				MTL_FAST_MATH = YES;
				SDKROOT = macosx;
			};
			name = Release;
		};
		D8D20C932769729E000C2846 /* Debug */ = {
			isa = XCBuildConfiguration;
			buildSettings = {
				ASSETCATALOG_COMPILER_APPICON_NAME = AppIcon;
				ASSETCATALOG_COMPILER_GLOBAL_ACCENT_COLOR_NAME = AccentColor;
				CODE_SIGN_ENTITLEMENTS = CircleProgressBar/CircleProgressBar.entitlements;
				CODE_SIGN_STYLE = Automatic;
				COMBINE_HIDPI_IMAGES = YES;
				CURRENT_PROJECT_VERSION = 1;
				GENERATE_INFOPLIST_FILE = YES;
				INFOPLIST_KEY_NSHumanReadableCopyright = "";
				INFOPLIST_KEY_NSMainNibFile = MainMenu;
				INFOPLIST_KEY_NSPrincipalClass = NSApplication;
				LD_RUNPATH_SEARCH_PATHS = (
					"$(inherited)",
					"@executable_path/../Frameworks",
				);
				MARKETING_VERSION = 1.0;
				PRODUCT_BUNDLE_IDENTIFIER = Test.CircleProgressBar;
				PRODUCT_NAME = "$(TARGET_NAME)";
				SWIFT_EMIT_LOC_STRINGS = YES;
			};
			name = Debug;
		};
		D8D20C942769729E000C2846 /* Release */ = {
			isa = XCBuildConfiguration;
			buildSettings = {
				ASSETCATALOG_COMPILER_APPICON_NAME = AppIcon;
				ASSETCATALOG_COMPILER_GLOBAL_ACCENT_COLOR_NAME = AccentColor;
				CODE_SIGN_ENTITLEMENTS = CircleProgressBar/CircleProgressBar.entitlements;
				CODE_SIGN_STYLE = Automatic;
				COMBINE_HIDPI_IMAGES = YES;
				CURRENT_PROJECT_VERSION = 1;
				GENERATE_INFOPLIST_FILE = YES;
				INFOPLIST_KEY_NSHumanReadableCopyright = "";
				INFOPLIST_KEY_NSMainNibFile = MainMenu;
				INFOPLIST_KEY_NSPrincipalClass = NSApplication;
				LD_RUNPATH_SEARCH_PATHS = (
					"$(inherited)",
					"@executable_path/../Frameworks",
				);
				MARKETING_VERSION = 1.0;
				PRODUCT_BUNDLE_IDENTIFIER = Test.CircleProgressBar;
				PRODUCT_NAME = "$(TARGET_NAME)";
				SWIFT_EMIT_LOC_STRINGS = YES;
			};
			name = Release;
		};
		D8D20C962769729E000C2846 /* Debug */ = {
			isa = XCBuildConfiguration;
			buildSettings = {
				BUNDLE_LOADER = "$(TEST_HOST)";
				CODE_SIGN_STYLE = Automatic;
				COMBINE_HIDPI_IMAGES = YES;
				CURRENT_PROJECT_VERSION = 1;
				GENERATE_INFOPLIST_FILE = YES;
				LD_RUNPATH_SEARCH_PATHS = (
					"$(inherited)",
					"@executable_path/../Frameworks",
					"@loader_path/../Frameworks",
				);
				MACOSX_DEPLOYMENT_TARGET = 11.6;
				MARKETING_VERSION = 1.0;
				PRODUCT_BUNDLE_IDENTIFIER = Test.CircleProgressBarTests;
				PRODUCT_NAME = "$(TARGET_NAME)";
				SWIFT_EMIT_LOC_STRINGS = NO;
				TEST_HOST = "$(BUILT_PRODUCTS_DIR)/CircleProgressBar.app/Contents/MacOS/CircleProgressBar";
			};
			name = Debug;
		};
		D8D20C972769729E000C2846 /* Release */ = {
			isa = XCBuildConfiguration;
			buildSettings = {
				BUNDLE_LOADER = "$(TEST_HOST)";
				CODE_SIGN_STYLE = Automatic;
				COMBINE_HIDPI_IMAGES = YES;
				CURRENT_PROJECT_VERSION = 1;
				GENERATE_INFOPLIST_FILE = YES;
				LD_RUNPATH_SEARCH_PATHS = (
					"$(inherited)",
					"@executable_path/../Frameworks",
					"@loader_path/../Frameworks",
				);
				MACOSX_DEPLOYMENT_TARGET = 11.6;
				MARKETING_VERSION = 1.0;
				PRODUCT_BUNDLE_IDENTIFIER = Test.CircleProgressBarTests;
				PRODUCT_NAME = "$(TARGET_NAME)";
				SWIFT_EMIT_LOC_STRINGS = NO;
				TEST_HOST = "$(BUILT_PRODUCTS_DIR)/CircleProgressBar.app/Contents/MacOS/CircleProgressBar";
			};
			name = Release;
		};
		D8D20C992769729E000C2846 /* Debug */ = {
			isa = XCBuildConfiguration;
			buildSettings = {
				CODE_SIGN_STYLE = Automatic;
				COMBINE_HIDPI_IMAGES = YES;
				CURRENT_PROJECT_VERSION = 1;
				GENERATE_INFOPLIST_FILE = YES;
				LD_RUNPATH_SEARCH_PATHS = (
					"$(inherited)",
					"@executable_path/../Frameworks",
					"@loader_path/../Frameworks",
				);
				MARKETING_VERSION = 1.0;
				PRODUCT_BUNDLE_IDENTIFIER = Test.CircleProgressBarUITests;
				PRODUCT_NAME = "$(TARGET_NAME)";
				SWIFT_EMIT_LOC_STRINGS = NO;
				TEST_TARGET_NAME = CircleProgressBar;
			};
			name = Debug;
		};
		D8D20C9A2769729E000C2846 /* Release */ = {
			isa = XCBuildConfiguration;
			buildSettings = {
				CODE_SIGN_STYLE = Automatic;
				COMBINE_HIDPI_IMAGES = YES;
				CURRENT_PROJECT_VERSION = 1;
				GENERATE_INFOPLIST_FILE = YES;
				LD_RUNPATH_SEARCH_PATHS = (
					"$(inherited)",
					"@executable_path/../Frameworks",
					"@loader_path/../Frameworks",
				);
				MARKETING_VERSION = 1.0;
				PRODUCT_BUNDLE_IDENTIFIER = Test.CircleProgressBarUITests;
				PRODUCT_NAME = "$(TARGET_NAME)";
				SWIFT_EMIT_LOC_STRINGS = NO;
				TEST_TARGET_NAME = CircleProgressBar;
			};
			name = Release;
		};
/* End XCBuildConfiguration section */

/* Begin XCConfigurationList section */
		D8D20C6727697299000C2846 /* Build configuration list for PBXProject "CircleProgressBar" */ = {
			isa = XCConfigurationList;
			buildConfigurations = (
				D8D20C902769729E000C2846 /* Debug */,
				D8D20C912769729E000C2846 /* Release */,
			);
			defaultConfigurationIsVisible = 0;
			defaultConfigurationName = Release;
		};
		D8D20C922769729E000C2846 /* Build configuration list for PBXNativeTarget "CircleProgressBar" */ = {
			isa = XCConfigurationList;
			buildConfigurations = (
				D8D20C932769729E000C2846 /* Debug */,
				D8D20C942769729E000C2846 /* Release */,
			);
			defaultConfigurationIsVisible = 0;
			defaultConfigurationName = Release;
		};
		D8D20C952769729E000C2846 /* Build configuration list for PBXNativeTarget "CircleProgressBarTests" */ = {
			isa = XCConfigurationList;
			buildConfigurations = (
				D8D20C962769729E000C2846 /* Debug */,
				D8D20C972769729E000C2846 /* Release */,
			);
			defaultConfigurationIsVisible = 0;
			defaultConfigurationName = Release;
		};
		D8D20C982769729E000C2846 /* Build configuration list for PBXNativeTarget "CircleProgressBarUITests" */ = {
			isa = XCConfigurationList;
			buildConfigurations = (
				D8D20C992769729E000C2846 /* Debug */,
				D8D20C9A2769729E000C2846 /* Release */,
			);
			defaultConfigurationIsVisible = 0;
			defaultConfigurationName = Release;
		};
/* End XCConfigurationList section */
	};
	rootObject = D8D20C6427697299000C2846 /* Project object */;
}
