// !$*UTF8*$!
{
	archiveVersion = 1;
	classes = {
	};
	objectVersion = 55;
	objects = {

/* Begin PBXBuildFile section */
		D8E5F17D271EBB2D00A4B050 /* BSDProcessList.m in Sources */ = {isa = PBXBuildFile; fileRef = D8E5F17C271EBB2D00A4B050 /* BSDProcessList.m */; };
		D8E5F180271F990000A4B050 /* TerminalCmd.m in Sources */ = {isa = PBXBuildFile; fileRef = D8E5F17F271F990000A4B050 /* TerminalCmd.m */; };
		D8F0C94827102506001A4745 /* AppDelegate.m in Sources */ = {isa = PBXBuildFile; fileRef = D8F0C94727102506001A4745 /* AppDelegate.m */; };
		D8F0C94A27102508001A4745 /* Assets.xcassets in Resources */ = {isa = PBXBuildFile; fileRef = D8F0C94927102508001A4745 /* Assets.xcassets */; };
		D8F0C94D27102508001A4745 /* MainMenu.xib in Resources */ = {isa = PBXBuildFile; fileRef = D8F0C94B27102508001A4745 /* MainMenu.xib */; };
		D8F0C94F27102508001A4745 /* main.m in Sources */ = {isa = PBXBuildFile; fileRef = D8F0C94E27102508001A4745 /* main.m */; };
		D8F0C95A27102508001A4745 /* OutlineTableViewUpgreadTests.m in Sources */ = {isa = PBXBuildFile; fileRef = D8F0C95927102508001A4745 /* OutlineTableViewUpgreadTests.m */; };
		D8F0C96427102508001A4745 /* OutlineTableViewUpgreadUITests.m in Sources */ = {isa = PBXBuildFile; fileRef = D8F0C96327102508001A4745 /* OutlineTableViewUpgreadUITests.m */; };
		D8F0C96627102508001A4745 /* OutlineTableViewUpgreadUITestsLaunchTests.m in Sources */ = {isa = PBXBuildFile; fileRef = D8F0C96527102508001A4745 /* OutlineTableViewUpgreadUITestsLaunchTests.m */; };
		D8F0C97527102546001A4745 /* OutlineTable.m in Sources */ = {isa = PBXBuildFile; fileRef = D8F0C97327102546001A4745 /* OutlineTable.m */; };
		D8F0C97627102546001A4745 /* OutlineTable.xib in Resources */ = {isa = PBXBuildFile; fileRef = D8F0C97427102546001A4745 /* OutlineTable.xib */; };
/* End PBXBuildFile section */

/* Begin PBXContainerItemProxy section */
		D8F0C95627102508001A4745 /* PBXContainerItemProxy */ = {
			isa = PBXContainerItemProxy;
			containerPortal = D8F0C93B27102506001A4745 /* Project object */;
			proxyType = 1;
			remoteGlobalIDString = D8F0C94227102506001A4745;
			remoteInfo = OutlineTableViewUpgread;
		};
		D8F0C96027102508001A4745 /* PBXContainerItemProxy */ = {
			isa = PBXContainerItemProxy;
			containerPortal = D8F0C93B27102506001A4745 /* Project object */;
			proxyType = 1;
			remoteGlobalIDString = D8F0C94227102506001A4745;
			remoteInfo = OutlineTableViewUpgread;
		};
/* End PBXContainerItemProxy section */

/* Begin PBXFileReference section */
		D8E5F17B271EBB2D00A4B050 /* BSDProcessList.h */ = {isa = PBXFileReference; lastKnownFileType = sourcecode.c.h; path = BSDProcessList.h; sourceTree = "<group>"; };
		D8E5F17C271EBB2D00A4B050 /* BSDProcessList.m */ = {isa = PBXFileReference; lastKnownFileType = sourcecode.c.objc; path = BSDProcessList.m; sourceTree = "<group>"; };
		D8E5F17E271F990000A4B050 /* TerminalCmd.h */ = {isa = PBXFileReference; lastKnownFileType = sourcecode.c.h; path = TerminalCmd.h; sourceTree = "<group>"; };
		D8E5F17F271F990000A4B050 /* TerminalCmd.m */ = {isa = PBXFileReference; lastKnownFileType = sourcecode.c.objc; path = TerminalCmd.m; sourceTree = "<group>"; };
		D8E5F181271FA0AC00A4B050 /* Delegates.h */ = {isa = PBXFileReference; lastKnownFileType = sourcecode.c.h; path = Delegates.h; sourceTree = "<group>"; };
		D8F0C94327102506001A4745 /* OutlineTableViewUpgread.app */ = {isa = PBXFileReference; explicitFileType = wrapper.application; includeInIndex = 0; path = OutlineTableViewUpgread.app; sourceTree = BUILT_PRODUCTS_DIR; };
		D8F0C94627102506001A4745 /* AppDelegate.h */ = {isa = PBXFileReference; lastKnownFileType = sourcecode.c.h; path = AppDelegate.h; sourceTree = "<group>"; };
		D8F0C94727102506001A4745 /* AppDelegate.m */ = {isa = PBXFileReference; lastKnownFileType = sourcecode.c.objc; path = AppDelegate.m; sourceTree = "<group>"; };
		D8F0C94927102508001A4745 /* Assets.xcassets */ = {isa = PBXFileReference; lastKnownFileType = folder.assetcatalog; path = Assets.xcassets; sourceTree = "<group>"; };
		D8F0C94C27102508001A4745 /* Base */ = {isa = PBXFileReference; lastKnownFileType = file.xib; name = Base; path = Base.lproj/MainMenu.xib; sourceTree = "<group>"; };
		D8F0C94E27102508001A4745 /* main.m */ = {isa = PBXFileReference; lastKnownFileType = sourcecode.c.objc; path = main.m; sourceTree = "<group>"; };
		D8F0C95027102508001A4745 /* OutlineTableViewUpgread.entitlements */ = {isa = PBXFileReference; lastKnownFileType = text.plist.entitlements; path = OutlineTableViewUpgread.entitlements; sourceTree = "<group>"; };
		D8F0C95527102508001A4745 /* OutlineTableViewUpgreadTests.xctest */ = {isa = PBXFileReference; explicitFileType = wrapper.cfbundle; includeInIndex = 0; path = OutlineTableViewUpgreadTests.xctest; sourceTree = BUILT_PRODUCTS_DIR; };
		D8F0C95927102508001A4745 /* OutlineTableViewUpgreadTests.m */ = {isa = PBXFileReference; lastKnownFileType = sourcecode.c.objc; path = OutlineTableViewUpgreadTests.m; sourceTree = "<group>"; };
		D8F0C95F27102508001A4745 /* OutlineTableViewUpgreadUITests.xctest */ = {isa = PBXFileReference; explicitFileType = wrapper.cfbundle; includeInIndex = 0; path = OutlineTableViewUpgreadUITests.xctest; sourceTree = BUILT_PRODUCTS_DIR; };
		D8F0C96327102508001A4745 /* OutlineTableViewUpgreadUITests.m */ = {isa = PBXFileReference; lastKnownFileType = sourcecode.c.objc; path = OutlineTableViewUpgreadUITests.m; sourceTree = "<group>"; };
		D8F0C96527102508001A4745 /* OutlineTableViewUpgreadUITestsLaunchTests.m */ = {isa = PBXFileReference; lastKnownFileType = sourcecode.c.objc; path = OutlineTableViewUpgreadUITestsLaunchTests.m; sourceTree = "<group>"; };
		D8F0C97227102546001A4745 /* OutlineTable.h */ = {isa = PBXFileReference; lastKnownFileType = sourcecode.c.h; path = OutlineTable.h; sourceTree = "<group>"; };
		D8F0C97327102546001A4745 /* OutlineTable.m */ = {isa = PBXFileReference; lastKnownFileType = sourcecode.c.objc; path = OutlineTable.m; sourceTree = "<group>"; };
		D8F0C97427102546001A4745 /* OutlineTable.xib */ = {isa = PBXFileReference; lastKnownFileType = file.xib; path = OutlineTable.xib; sourceTree = "<group>"; };
/* End PBXFileReference section */

/* Begin PBXFrameworksBuildPhase section */
		D8F0C94027102506001A4745 /* Frameworks */ = {
			isa = PBXFrameworksBuildPhase;
			buildActionMask = 2147483647;
			files = (
			);
			runOnlyForDeploymentPostprocessing = 0;
		};
		D8F0C95227102508001A4745 /* Frameworks */ = {
			isa = PBXFrameworksBuildPhase;
			buildActionMask = 2147483647;
			files = (
			);
			runOnlyForDeploymentPostprocessing = 0;
		};
		D8F0C95C27102508001A4745 /* Frameworks */ = {
			isa = PBXFrameworksBuildPhase;
			buildActionMask = 2147483647;
			files = (
			);
			runOnlyForDeploymentPostprocessing = 0;
		};
/* End PBXFrameworksBuildPhase section */

/* Begin PBXGroup section */
		D8F0C93A27102506001A4745 = {
			isa = PBXGroup;
			children = (
				D8F0C94527102506001A4745 /* OutlineTableViewUpgread */,
				D8F0C95827102508001A4745 /* OutlineTableViewUpgreadTests */,
				D8F0C96227102508001A4745 /* OutlineTableViewUpgreadUITests */,
				D8F0C94427102506001A4745 /* Products */,
			);
			sourceTree = "<group>";
		};
		D8F0C94427102506001A4745 /* Products */ = {
			isa = PBXGroup;
			children = (
				D8F0C94327102506001A4745 /* OutlineTableViewUpgread.app */,
				D8F0C95527102508001A4745 /* OutlineTableViewUpgreadTests.xctest */,
				D8F0C95F27102508001A4745 /* OutlineTableViewUpgreadUITests.xctest */,
			);
			name = Products;
			sourceTree = "<group>";
		};
		D8F0C94527102506001A4745 /* OutlineTableViewUpgread */ = {
			isa = PBXGroup;
			children = (
				D8F0C94627102506001A4745 /* AppDelegate.h */,
				D8F0C94727102506001A4745 /* AppDelegate.m */,
				D8E5F181271FA0AC00A4B050 /* Delegates.h */,
				D8F0C94927102508001A4745 /* Assets.xcassets */,
				D8F0C94B27102508001A4745 /* MainMenu.xib */,
				D8F0C94E27102508001A4745 /* main.m */,
				D8F0C97227102546001A4745 /* OutlineTable.h */,
				D8F0C97327102546001A4745 /* OutlineTable.m */,
				D8E5F17E271F990000A4B050 /* TerminalCmd.h */,
				D8E5F17F271F990000A4B050 /* TerminalCmd.m */,
				D8E5F17B271EBB2D00A4B050 /* BSDProcessList.h */,
				D8E5F17C271EBB2D00A4B050 /* BSDProcessList.m */,
				D8F0C97427102546001A4745 /* OutlineTable.xib */,
				D8F0C95027102508001A4745 /* OutlineTableViewUpgread.entitlements */,
			);
			path = OutlineTableViewUpgread;
			sourceTree = "<group>";
		};
		D8F0C95827102508001A4745 /* OutlineTableViewUpgreadTests */ = {
			isa = PBXGroup;
			children = (
				D8F0C95927102508001A4745 /* OutlineTableViewUpgreadTests.m */,
			);
			path = OutlineTableViewUpgreadTests;
			sourceTree = "<group>";
		};
		D8F0C96227102508001A4745 /* OutlineTableViewUpgreadUITests */ = {
			isa = PBXGroup;
			children = (
				D8F0C96327102508001A4745 /* OutlineTableViewUpgreadUITests.m */,
				D8F0C96527102508001A4745 /* OutlineTableViewUpgreadUITestsLaunchTests.m */,
			);
			path = OutlineTableViewUpgreadUITests;
			sourceTree = "<group>";
		};
/* End PBXGroup section */

/* Begin PBXNativeTarget section */
		D8F0C94227102506001A4745 /* OutlineTableViewUpgread */ = {
			isa = PBXNativeTarget;
			buildConfigurationList = D8F0C96927102508001A4745 /* Build configuration list for PBXNativeTarget "OutlineTableViewUpgread" */;
			buildPhases = (
				D8F0C93F27102506001A4745 /* Sources */,
				D8F0C94027102506001A4745 /* Frameworks */,
				D8F0C94127102506001A4745 /* Resources */,
			);
			buildRules = (
			);
			dependencies = (
			);
			name = OutlineTableViewUpgread;
			productName = OutlineTableViewUpgread;
			productReference = D8F0C94327102506001A4745 /* OutlineTableViewUpgread.app */;
			productType = "com.apple.product-type.application";
		};
		D8F0C95427102508001A4745 /* OutlineTableViewUpgreadTests */ = {
			isa = PBXNativeTarget;
			buildConfigurationList = D8F0C96C27102508001A4745 /* Build configuration list for PBXNativeTarget "OutlineTableViewUpgreadTests" */;
			buildPhases = (
				D8F0C95127102508001A4745 /* Sources */,
				D8F0C95227102508001A4745 /* Frameworks */,
				D8F0C95327102508001A4745 /* Resources */,
			);
			buildRules = (
			);
			dependencies = (
				D8F0C95727102508001A4745 /* PBXTargetDependency */,
			);
			name = OutlineTableViewUpgreadTests;
			productName = OutlineTableViewUpgreadTests;
			productReference = D8F0C95527102508001A4745 /* OutlineTableViewUpgreadTests.xctest */;
			productType = "com.apple.product-type.bundle.unit-test";
		};
		D8F0C95E27102508001A4745 /* OutlineTableViewUpgreadUITests */ = {
			isa = PBXNativeTarget;
			buildConfigurationList = D8F0C96F27102508001A4745 /* Build configuration list for PBXNativeTarget "OutlineTableViewUpgreadUITests" */;
			buildPhases = (
				D8F0C95B27102508001A4745 /* Sources */,
				D8F0C95C27102508001A4745 /* Frameworks */,
				D8F0C95D27102508001A4745 /* Resources */,
			);
			buildRules = (
			);
			dependencies = (
				D8F0C96127102508001A4745 /* PBXTargetDependency */,
			);
			name = OutlineTableViewUpgreadUITests;
			productName = OutlineTableViewUpgreadUITests;
			productReference = D8F0C95F27102508001A4745 /* OutlineTableViewUpgreadUITests.xctest */;
			productType = "com.apple.product-type.bundle.ui-testing";
		};
/* End PBXNativeTarget section */

/* Begin PBXProject section */
		D8F0C93B27102506001A4745 /* Project object */ = {
			isa = PBXProject;
			attributes = {
				BuildIndependentTargetsInParallel = 1;
				LastUpgradeCheck = 1300;
				TargetAttributes = {
					D8F0C94227102506001A4745 = {
						CreatedOnToolsVersion = 13.0;
					};
					D8F0C95427102508001A4745 = {
						CreatedOnToolsVersion = 13.0;
						TestTargetID = D8F0C94227102506001A4745;
					};
					D8F0C95E27102508001A4745 = {
						CreatedOnToolsVersion = 13.0;
						TestTargetID = D8F0C94227102506001A4745;
					};
				};
			};
			buildConfigurationList = D8F0C93E27102506001A4745 /* Build configuration list for PBXProject "OutlineTableViewUpgread" */;
			compatibilityVersion = "Xcode 13.0";
			developmentRegion = en;
			hasScannedForEncodings = 0;
			knownRegions = (
				en,
				Base,
			);
			mainGroup = D8F0C93A27102506001A4745;
			productRefGroup = D8F0C94427102506001A4745 /* Products */;
			projectDirPath = "";
			projectRoot = "";
			targets = (
				D8F0C94227102506001A4745 /* OutlineTableViewUpgread */,
				D8F0C95427102508001A4745 /* OutlineTableViewUpgreadTests */,
				D8F0C95E27102508001A4745 /* OutlineTableViewUpgreadUITests */,
			);
		};
/* End PBXProject section */

/* Begin PBXResourcesBuildPhase section */
		D8F0C94127102506001A4745 /* Resources */ = {
			isa = PBXResourcesBuildPhase;
			buildActionMask = 2147483647;
			files = (
				D8F0C94A27102508001A4745 /* Assets.xcassets in Resources */,
				D8F0C97627102546001A4745 /* OutlineTable.xib in Resources */,
				D8F0C94D27102508001A4745 /* MainMenu.xib in Resources */,
			);
			runOnlyForDeploymentPostprocessing = 0;
		};
		D8F0C95327102508001A4745 /* Resources */ = {
			isa = PBXResourcesBuildPhase;
			buildActionMask = 2147483647;
			files = (
			);
			runOnlyForDeploymentPostprocessing = 0;
		};
		D8F0C95D27102508001A4745 /* Resources */ = {
			isa = PBXResourcesBuildPhase;
			buildActionMask = 2147483647;
			files = (
			);
			runOnlyForDeploymentPostprocessing = 0;
		};
/* End PBXResourcesBuildPhase section */

/* Begin PBXSourcesBuildPhase section */
		D8F0C93F27102506001A4745 /* Sources */ = {
			isa = PBXSourcesBuildPhase;
			buildActionMask = 2147483647;
			files = (
				D8F0C94F27102508001A4745 /* main.m in Sources */,
				D8F0C97527102546001A4745 /* OutlineTable.m in Sources */,
				D8F0C94827102506001A4745 /* AppDelegate.m in Sources */,
				D8E5F180271F990000A4B050 /* TerminalCmd.m in Sources */,
				D8E5F17D271EBB2D00A4B050 /* BSDProcessList.m in Sources */,
			);
			runOnlyForDeploymentPostprocessing = 0;
		};
		D8F0C95127102508001A4745 /* Sources */ = {
			isa = PBXSourcesBuildPhase;
			buildActionMask = 2147483647;
			files = (
				D8F0C95A27102508001A4745 /* OutlineTableViewUpgreadTests.m in Sources */,
			);
			runOnlyForDeploymentPostprocessing = 0;
		};
		D8F0C95B27102508001A4745 /* Sources */ = {
			isa = PBXSourcesBuildPhase;
			buildActionMask = 2147483647;
			files = (
				D8F0C96627102508001A4745 /* OutlineTableViewUpgreadUITestsLaunchTests.m in Sources */,
				D8F0C96427102508001A4745 /* OutlineTableViewUpgreadUITests.m in Sources */,
			);
			runOnlyForDeploymentPostprocessing = 0;
		};
/* End PBXSourcesBuildPhase section */

/* Begin PBXTargetDependency section */
		D8F0C95727102508001A4745 /* PBXTargetDependency */ = {
			isa = PBXTargetDependency;
			target = D8F0C94227102506001A4745 /* OutlineTableViewUpgread */;
			targetProxy = D8F0C95627102508001A4745 /* PBXContainerItemProxy */;
		};
		D8F0C96127102508001A4745 /* PBXTargetDependency */ = {
			isa = PBXTargetDependency;
			target = D8F0C94227102506001A4745 /* OutlineTableViewUpgread */;
			targetProxy = D8F0C96027102508001A4745 /* PBXContainerItemProxy */;
		};
/* End PBXTargetDependency section */

/* Begin PBXVariantGroup section */
		D8F0C94B27102508001A4745 /* MainMenu.xib */ = {
			isa = PBXVariantGroup;
			children = (
				D8F0C94C27102508001A4745 /* Base */,
			);
			name = MainMenu.xib;
			sourceTree = "<group>";
		};
/* End PBXVariantGroup section */

/* Begin XCBuildConfiguration section */
		D8F0C96727102508001A4745 /* Debug */ = {
			isa = XCBuildConfiguration;
			buildSettings = {
				ALWAYS_SEARCH_USER_PATHS = NO;
				CLANG_ANALYZER_NONNULL = YES;
				CLANG_ANALYZER_NUMBER_OBJECT_CONVERSION = YES_AGGRESSIVE;
				CLANG_CXX_LANGUAGE_STANDARD = "gnu++17";
				CLANG_CXX_LIBRARY = "libc++";
				CLANG_ENABLE_MODULES = YES;
				CLANG_ENABLE_OBJC_ARC = YES;
				CLANG_ENABLE_OBJC_WEAK = YES;
				CLANG_WARN_BLOCK_CAPTURE_AUTORELEASING = YES;
				CLANG_WARN_BOOL_CONVERSION = YES;
				CLANG_WARN_COMMA = YES;
				CLANG_WARN_CONSTANT_CONVERSION = YES;
				CLANG_WARN_DEPRECATED_OBJC_IMPLEMENTATIONS = YES;
				CLANG_WARN_DIRECT_OBJC_ISA_USAGE = YES_ERROR;
				CLANG_WARN_DOCUMENTATION_COMMENTS = YES;
				CLANG_WARN_EMPTY_BODY = YES;
				CLANG_WARN_ENUM_CONVERSION = YES;
				CLANG_WARN_INFINITE_RECURSION = YES;
				CLANG_WARN_INT_CONVERSION = YES;
				CLANG_WARN_NON_LITERAL_NULL_CONVERSION = YES;
				CLANG_WARN_OBJC_IMPLICIT_RETAIN_SELF = YES;
				CLANG_WARN_OBJC_LITERAL_CONVERSION = YES;
				CLANG_WARN_OBJC_ROOT_CLASS = YES_ERROR;
				CLANG_WARN_QUOTED_INCLUDE_IN_FRAMEWORK_HEADER = YES;
				CLANG_WARN_RANGE_LOOP_ANALYSIS = YES;
				CLANG_WARN_STRICT_PROTOTYPES = YES;
				CLANG_WARN_SUSPICIOUS_MOVE = YES;
				CLANG_WARN_UNGUARDED_AVAILABILITY = YES_AGGRESSIVE;
				CLANG_WARN_UNREACHABLE_CODE = YES;
				CLANG_WARN__DUPLICATE_METHOD_MATCH = YES;
				COPY_PHASE_STRIP = NO;
				DEBUG_INFORMATION_FORMAT = dwarf;
				ENABLE_STRICT_OBJC_MSGSEND = YES;
				ENABLE_TESTABILITY = YES;
				GCC_C_LANGUAGE_STANDARD = gnu11;
				GCC_DYNAMIC_NO_PIC = NO;
				GCC_NO_COMMON_BLOCKS = YES;
				GCC_OPTIMIZATION_LEVEL = 0;
				GCC_PREPROCESSOR_DEFINITIONS = (
					"DEBUG=1",
					"$(inherited)",
				);
				GCC_WARN_64_TO_32_BIT_CONVERSION = YES;
				GCC_WARN_ABOUT_RETURN_TYPE = YES_ERROR;
				GCC_WARN_UNDECLARED_SELECTOR = YES;
				GCC_WARN_UNINITIALIZED_AUTOS = YES_AGGRESSIVE;
				GCC_WARN_UNUSED_FUNCTION = YES;
				GCC_WARN_UNUSED_VARIABLE = YES;
				MACOSX_DEPLOYMENT_TARGET = 11.3;
				MTL_ENABLE_DEBUG_INFO = INCLUDE_SOURCE;
				MTL_FAST_MATH = YES;
				ONLY_ACTIVE_ARCH = YES;
				SDKROOT = macosx;
			};
			name = Debug;
		};
		D8F0C96827102508001A4745 /* Release */ = {
			isa = XCBuildConfiguration;
			buildSettings = {
				ALWAYS_SEARCH_USER_PATHS = NO;
				CLANG_ANALYZER_NONNULL = YES;
				CLANG_ANALYZER_NUMBER_OBJECT_CONVERSION = YES_AGGRESSIVE;
				CLANG_CXX_LANGUAGE_STANDARD = "gnu++17";
				CLANG_CXX_LIBRARY = "libc++";
				CLANG_ENABLE_MODULES = YES;
				CLANG_ENABLE_OBJC_ARC = YES;
				CLANG_ENABLE_OBJC_WEAK = YES;
				CLANG_WARN_BLOCK_CAPTURE_AUTORELEASING = YES;
				CLANG_WARN_BOOL_CONVERSION = YES;
				CLANG_WARN_COMMA = YES;
				CLANG_WARN_CONSTANT_CONVERSION = YES;
				CLANG_WARN_DEPRECATED_OBJC_IMPLEMENTATIONS = YES;
				CLANG_WARN_DIRECT_OBJC_ISA_USAGE = YES_ERROR;
				CLANG_WARN_DOCUMENTATION_COMMENTS = YES;
				CLANG_WARN_EMPTY_BODY = YES;
				CLANG_WARN_ENUM_CONVERSION = YES;
				CLANG_WARN_INFINITE_RECURSION = YES;
				CLANG_WARN_INT_CONVERSION = YES;
				CLANG_WARN_NON_LITERAL_NULL_CONVERSION = YES;
				CLANG_WARN_OBJC_IMPLICIT_RETAIN_SELF = YES;
				CLANG_WARN_OBJC_LITERAL_CONVERSION = YES;
				CLANG_WARN_OBJC_ROOT_CLASS = YES_ERROR;
				CLANG_WARN_QUOTED_INCLUDE_IN_FRAMEWORK_HEADER = YES;
				CLANG_WARN_RANGE_LOOP_ANALYSIS = YES;
				CLANG_WARN_STRICT_PROTOTYPES = YES;
				CLANG_WARN_SUSPICIOUS_MOVE = YES;
				CLANG_WARN_UNGUARDED_AVAILABILITY = YES_AGGRESSIVE;
				CLANG_WARN_UNREACHABLE_CODE = YES;
				CLANG_WARN__DUPLICATE_METHOD_MATCH = YES;
				COPY_PHASE_STRIP = NO;
				DEBUG_INFORMATION_FORMAT = "dwarf-with-dsym";
				ENABLE_NS_ASSERTIONS = NO;
				ENABLE_STRICT_OBJC_MSGSEND = YES;
				GCC_C_LANGUAGE_STANDARD = gnu11;
				GCC_NO_COMMON_BLOCKS = YES;
				GCC_WARN_64_TO_32_BIT_CONVERSION = YES;
				GCC_WARN_ABOUT_RETURN_TYPE = YES_ERROR;
				GCC_WARN_UNDECLARED_SELECTOR = YES;
				GCC_WARN_UNINITIALIZED_AUTOS = YES_AGGRESSIVE;
				GCC_WARN_UNUSED_FUNCTION = YES;
				GCC_WARN_UNUSED_VARIABLE = YES;
				MACOSX_DEPLOYMENT_TARGET = 11.3;
				MTL_ENABLE_DEBUG_INFO = NO;
				MTL_FAST_MATH = YES;
				SDKROOT = macosx;
			};
			name = Release;
		};
		D8F0C96A27102508001A4745 /* Debug */ = {
			isa = XCBuildConfiguration;
			buildSettings = {
				ASSETCATALOG_COMPILER_APPICON_NAME = AppIcon;
				ASSETCATALOG_COMPILER_GLOBAL_ACCENT_COLOR_NAME = AccentColor;
				CODE_SIGN_ENTITLEMENTS = OutlineTableViewUpgread/OutlineTableViewUpgread.entitlements;
				CODE_SIGN_STYLE = Manual;
				COMBINE_HIDPI_IMAGES = YES;
				CURRENT_PROJECT_VERSION = 1;
				DEVELOPMENT_TEAM = "";
				GENERATE_INFOPLIST_FILE = YES;
				INFOPLIST_KEY_NSHumanReadableCopyright = "";
				INFOPLIST_KEY_NSMainNibFile = MainMenu;
				INFOPLIST_KEY_NSPrincipalClass = NSApplication;
				LD_RUNPATH_SEARCH_PATHS = (
					"$(inherited)",
					"@executable_path/../Frameworks",
				);
				MARKETING_VERSION = 1.0;
				PRODUCT_BUNDLE_IDENTIFIER = Test.OutlineTableViewUpgread;
				PRODUCT_NAME = "$(TARGET_NAME)";
				PROVISIONING_PROFILE_SPECIFIER = "";
				SWIFT_EMIT_LOC_STRINGS = YES;
			};
			name = Debug;
		};
		D8F0C96B27102508001A4745 /* Release */ = {
			isa = XCBuildConfiguration;
			buildSettings = {
				ASSETCATALOG_COMPILER_APPICON_NAME = AppIcon;
				ASSETCATALOG_COMPILER_GLOBAL_ACCENT_COLOR_NAME = AccentColor;
				CODE_SIGN_ENTITLEMENTS = OutlineTableViewUpgread/OutlineTableViewUpgread.entitlements;
				CODE_SIGN_STYLE = Manual;
				COMBINE_HIDPI_IMAGES = YES;
				CURRENT_PROJECT_VERSION = 1;
				DEVELOPMENT_TEAM = "";
				GENERATE_INFOPLIST_FILE = YES;
				INFOPLIST_KEY_NSHumanReadableCopyright = "";
				INFOPLIST_KEY_NSMainNibFile = MainMenu;
				INFOPLIST_KEY_NSPrincipalClass = NSApplication;
				LD_RUNPATH_SEARCH_PATHS = (
					"$(inherited)",
					"@executable_path/../Frameworks",
				);
				MARKETING_VERSION = 1.0;
				PRODUCT_BUNDLE_IDENTIFIER = Test.OutlineTableViewUpgread;
				PRODUCT_NAME = "$(TARGET_NAME)";
				PROVISIONING_PROFILE_SPECIFIER = "";
				SWIFT_EMIT_LOC_STRINGS = YES;
			};
			name = Release;
		};
		D8F0C96D27102508001A4745 /* Debug */ = {
			isa = XCBuildConfiguration;
			buildSettings = {
				BUNDLE_LOADER = "$(TEST_HOST)";
				CODE_SIGN_STYLE = Automatic;
				COMBINE_HIDPI_IMAGES = YES;
				CURRENT_PROJECT_VERSION = 1;
				GENERATE_INFOPLIST_FILE = YES;
				LD_RUNPATH_SEARCH_PATHS = (
					"$(inherited)",
					"@executable_path/../Frameworks",
					"@loader_path/../Frameworks",
				);
				MACOSX_DEPLOYMENT_TARGET = 11.3;
				MARKETING_VERSION = 1.0;
				PRODUCT_BUNDLE_IDENTIFIER = Test.OutlineTableViewUpgreadTests;
				PRODUCT_NAME = "$(TARGET_NAME)";
				SWIFT_EMIT_LOC_STRINGS = NO;
				TEST_HOST = "$(BUILT_PRODUCTS_DIR)/OutlineTableViewUpgread.app/Contents/MacOS/OutlineTableViewUpgread";
			};
			name = Debug;
		};
		D8F0C96E27102508001A4745 /* Release */ = {
			isa = XCBuildConfiguration;
			buildSettings = {
				BUNDLE_LOADER = "$(TEST_HOST)";
				CODE_SIGN_STYLE = Automatic;
				COMBINE_HIDPI_IMAGES = YES;
				CURRENT_PROJECT_VERSION = 1;
				GENERATE_INFOPLIST_FILE = YES;
				LD_RUNPATH_SEARCH_PATHS = (
					"$(inherited)",
					"@executable_path/../Frameworks",
					"@loader_path/../Frameworks",
				);
				MACOSX_DEPLOYMENT_TARGET = 11.3;
				MARKETING_VERSION = 1.0;
				PRODUCT_BUNDLE_IDENTIFIER = Test.OutlineTableViewUpgreadTests;
				PRODUCT_NAME = "$(TARGET_NAME)";
				SWIFT_EMIT_LOC_STRINGS = NO;
				TEST_HOST = "$(BUILT_PRODUCTS_DIR)/OutlineTableViewUpgread.app/Contents/MacOS/OutlineTableViewUpgread";
			};
			name = Release;
		};
		D8F0C97027102508001A4745 /* Debug */ = {
			isa = XCBuildConfiguration;
			buildSettings = {
				CODE_SIGN_STYLE = Automatic;
				COMBINE_HIDPI_IMAGES = YES;
				CURRENT_PROJECT_VERSION = 1;
				GENERATE_INFOPLIST_FILE = YES;
				LD_RUNPATH_SEARCH_PATHS = (
					"$(inherited)",
					"@executable_path/../Frameworks",
					"@loader_path/../Frameworks",
				);
				MARKETING_VERSION = 1.0;
				PRODUCT_BUNDLE_IDENTIFIER = Test.OutlineTableViewUpgreadUITests;
				PRODUCT_NAME = "$(TARGET_NAME)";
				SWIFT_EMIT_LOC_STRINGS = NO;
				TEST_TARGET_NAME = OutlineTableViewUpgread;
			};
			name = Debug;
		};
		D8F0C97127102508001A4745 /* Release */ = {
			isa = XCBuildConfiguration;
			buildSettings = {
				CODE_SIGN_STYLE = Automatic;
				COMBINE_HIDPI_IMAGES = YES;
				CURRENT_PROJECT_VERSION = 1;
				GENERATE_INFOPLIST_FILE = YES;
				LD_RUNPATH_SEARCH_PATHS = (
					"$(inherited)",
					"@executable_path/../Frameworks",
					"@loader_path/../Frameworks",
				);
				MARKETING_VERSION = 1.0;
				PRODUCT_BUNDLE_IDENTIFIER = Test.OutlineTableViewUpgreadUITests;
				PRODUCT_NAME = "$(TARGET_NAME)";
				SWIFT_EMIT_LOC_STRINGS = NO;
				TEST_TARGET_NAME = OutlineTableViewUpgread;
			};
			name = Release;
		};
/* End XCBuildConfiguration section */

/* Begin XCConfigurationList section */
		D8F0C93E27102506001A4745 /* Build configuration list for PBXProject "OutlineTableViewUpgread" */ = {
			isa = XCConfigurationList;
			buildConfigurations = (
				D8F0C96727102508001A4745 /* Debug */,
				D8F0C96827102508001A4745 /* Release */,
			);
			defaultConfigurationIsVisible = 0;
			defaultConfigurationName = Release;
		};
		D8F0C96927102508001A4745 /* Build configuration list for PBXNativeTarget "OutlineTableViewUpgread" */ = {
			isa = XCConfigurationList;
			buildConfigurations = (
				D8F0C96A27102508001A4745 /* Debug */,
				D8F0C96B27102508001A4745 /* Release */,
			);
			defaultConfigurationIsVisible = 0;
			defaultConfigurationName = Release;
		};
		D8F0C96C27102508001A4745 /* Build configuration list for PBXNativeTarget "OutlineTableViewUpgreadTests" */ = {
			isa = XCConfigurationList;
			buildConfigurations = (
				D8F0C96D27102508001A4745 /* Debug */,
				D8F0C96E27102508001A4745 /* Release */,
			);
			defaultConfigurationIsVisible = 0;
			defaultConfigurationName = Release;
		};
		D8F0C96F27102508001A4745 /* Build configuration list for PBXNativeTarget "OutlineTableViewUpgreadUITests" */ = {
			isa = XCConfigurationList;
			buildConfigurations = (
				D8F0C97027102508001A4745 /* Debug */,
				D8F0C97127102508001A4745 /* Release */,
			);
			defaultConfigurationIsVisible = 0;
			defaultConfigurationName = Release;
		};
/* End XCConfigurationList section */
	};
	rootObject = D8F0C93B27102506001A4745 /* Project object */;
}
